
Microsoft Visual Studio Solution File, Format Version 12.00
# Visual Studio Version 16
VisualStudioVersion = 16.0.30717.126
MinimumVisualStudioVersion = 10.0.40219.1
Project("{8BC9CEB8-8B4A-11D0-8D11-00A0C91BC942}") = "server", "server.vcxproj", "{410D5AD5-17BD-4925-AB1B-5812E831618E}"
EndProject
Global
	GlobalSection(SolutionConfigurationPlatforms) = preSolution
		Debug|x64 = Debug|x64
		Release|x64 = Release|x64
	EndGlobalSection
	GlobalSection(ProjectConfigurationPlatforms) = postSolution
		{410D5AD5-17BD-4925-AB1B-5812E831618E}.Debug|x64.ActiveCfg = Debug|x64
		{410D5AD5-17BD-4925-AB1B-5812E831618E}.Debug|x64.Build.0 = Debug|x64
		{410D5AD5-17BD-4925-AB1B-5812E831618E}.Release|x64.ActiveCfg = Release|x64
		{410D5AD5-17BD-4925-AB1B-5812E831618E}.Release|x64.Build.0 = Release|x64
	EndGlobalSection
	GlobalSection(SolutionProperties) = preSolution
		HideSolutionNode = FALSE
	EndGlobalSection
	GlobalSection(ExtensibilityGlobals) = postSolution
		SolutionGuid = {4E1B28AE-E994-4AC0-813D-828FD3AE1465}
	EndGlobalSection
EndGlobal
